{
  "requires": true,
  "lockfileVersion": 1,
  "dependencies": {
    "@swup/plugin": {
      "version": "1.0.1",
      "resolved": "https://registry.npmjs.org/@swup/plugin/-/plugin-1.0.1.tgz",
      "integrity": "sha512-QrTGn1DLx+50CNsk6oGzUFnyNyLkDK6iLb032qKImmAXS+0Dd1cwa8cSGvJ+I27J4qR8y6oJNurgHIEc6ZCTrg=="
    },
    "@swup/progress-plugin": {
      "version": "1.0.1",
      "resolved": "https://registry.npmjs.org/@swup/progress-plugin/-/progress-plugin-1.0.1.tgz",
      "integrity": "sha512-zKWJgak+q+1u7j9e9AgbtYrdjUcFq5E+QeRCAOa4VKDRKB/v+9t5mw1312qS5n9IvLFmlHjdTkgxV2/Tap6fzw==",
      "requires": {
        "@swup/plugin": "^1.0.1"
      }
    }
  }
}
